
Microsoft Visual Studio Solution File, Format Version 12.00
# Visual Studio Version 16
VisualStudioVersion = 16.0.31105.61
MinimumVisualStudioVersion = 10.0.40219.1
Project("{FAE04EC0-301F-11D3-BF4B-00C04F79EFBC}") = "WriteClassUI", "WriteClassUI\WriteClassUI.csproj", "{965513AB-2F21-419B-94BE-A7051398E44E}"
EndProject
Project("{FAE04EC0-301F-11D3-BF4B-00C04F79EFBC}") = "PersonClassLibrary", "PersonClassLibrary\PersonClassLibrary.csproj", "{43C5250A-8086-4ED7-BA1F-E97FCEC0720F}"
EndProject
Global
	GlobalSection(SolutionConfigurationPlatforms) = preSolution
		Debug|Any CPU = Debug|Any CPU
		Release|Any CPU = Release|Any CPU
	EndGlobalSection
	GlobalSection(ProjectConfigurationPlatforms) = postSolution
		{965513AB-2F21-419B-94BE-A7051398E44E}.Debug|Any CPU.ActiveCfg = Debug|Any CPU
		{965513AB-2F21-419B-94BE-A7051398E44E}.Debug|Any CPU.Build.0 = Debug|Any CPU
		{965513AB-2F21-419B-94BE-A7051398E44E}.Release|Any CPU.ActiveCfg = Release|Any CPU
		{965513AB-2F21-419B-94BE-A7051398E44E}.Release|Any CPU.Build.0 = Release|Any CPU
		{43C5250A-8086-4ED7-BA1F-E97FCEC0720F}.Debug|Any CPU.ActiveCfg = Debug|Any CPU
		{43C5250A-8086-4ED7-BA1F-E97FCEC0720F}.Debug|Any CPU.Build.0 = Debug|Any CPU
		{43C5250A-8086-4ED7-BA1F-E97FCEC0720F}.Release|Any CPU.ActiveCfg = Release|Any CPU
		{43C5250A-8086-4ED7-BA1F-E97FCEC0720F}.Release|Any CPU.Build.0 = Release|Any CPU
	EndGlobalSection
	GlobalSection(SolutionProperties) = preSolution
		HideSolutionNode = FALSE
	EndGlobalSection
	GlobalSection(ExtensibilityGlobals) = postSolution
		SolutionGuid = {48ED4E09-E196-42A5-AE0B-6C0EA54C096F}
	EndGlobalSection
EndGlobal
