
Microsoft Visual Studio Solution File, Format Version 12.00
# Visual Studio Version 16
VisualStudioVersion = 16.0.31729.503
MinimumVisualStudioVersion = 10.0.40219.1
Project("{FAE04EC0-301F-11D3-BF4B-00C04F79EFBC}") = "ExtentionMethodsUI", "ExtentionMethodsUI\ExtentionMethodsUI.csproj", "{B0BBA1C1-5DE3-4B89-9052-686F2227AD2A}"
EndProject
Project("{FAE04EC0-301F-11D3-BF4B-00C04F79EFBC}") = "ExtentionLibrary", "ExtentionLibrary\ExtentionLibrary.csproj", "{7F742821-03B6-4426-A713-D59F85DDBF76}"
EndProject
Global
	GlobalSection(SolutionConfigurationPlatforms) = preSolution
		Debug|Any CPU = Debug|Any CPU
		Release|Any CPU = Release|Any CPU
	EndGlobalSection
	GlobalSection(ProjectConfigurationPlatforms) = postSolution
		{B0BBA1C1-5DE3-4B89-9052-686F2227AD2A}.Debug|Any CPU.ActiveCfg = Debug|Any CPU
		{B0BBA1C1-5DE3-4B89-9052-686F2227AD2A}.Debug|Any CPU.Build.0 = Debug|Any CPU
		{B0BBA1C1-5DE3-4B89-9052-686F2227AD2A}.Release|Any CPU.ActiveCfg = Release|Any CPU
		{B0BBA1C1-5DE3-4B89-9052-686F2227AD2A}.Release|Any CPU.Build.0 = Release|Any CPU
		{7F742821-03B6-4426-A713-D59F85DDBF76}.Debug|Any CPU.ActiveCfg = Debug|Any CPU
		{7F742821-03B6-4426-A713-D59F85DDBF76}.Debug|Any CPU.Build.0 = Debug|Any CPU
		{7F742821-03B6-4426-A713-D59F85DDBF76}.Release|Any CPU.ActiveCfg = Release|Any CPU
		{7F742821-03B6-4426-A713-D59F85DDBF76}.Release|Any CPU.Build.0 = Release|Any CPU
	EndGlobalSection
	GlobalSection(SolutionProperties) = preSolution
		HideSolutionNode = FALSE
	EndGlobalSection
	GlobalSection(ExtensibilityGlobals) = postSolution
		SolutionGuid = {5A139E2A-E2DD-4401-9AD1-64957B1C8AC1}
	EndGlobalSection
EndGlobal
